
Microsoft Visual Studio Solution File, Format Version 12.00
# Visual Studio 15
VisualStudioVersion = 15.0.26430.12
MinimumVisualStudioVersion = 10.0.40219.1
Project("{FAE04EC0-301F-11D3-BF4B-00C04F79EFBC}") = "ChallengeMeLiServices.Services", "ChallengeMeLiServices.Services\ChallengeMeLiServices.Services.csproj", "{1CD3A288-279D-431E-AD83-C1C51483760E}"
	ProjectSection(ProjectDependencies) = postProject
		{B5460FE9-07EC-46DB-A772-56A00938DA53} = {B5460FE9-07EC-46DB-A772-56A00938DA53}
	EndProjectSection
EndProject
Project("{FAE04EC0-301F-11D3-BF4B-00C04F79EFBC}") = "ChallengeMeLiServices.Web", "ChallengeMeLiServices.Web\ChallengeMeLiServices.Web.csproj", "{9D703942-97A5-40E5-B976-0D2412AE8520}"
EndProject
Project("{FAE04EC0-301F-11D3-BF4B-00C04F79EFBC}") = "ChallengeMeLiServices.Web.Tests", "ChallengeMeLiServices.Web.Tests\ChallengeMeLiServices.Web.Tests.csproj", "{3BB09E7D-2423-4F1C-AC7A-4E4DBFD9765E}"
EndProject
Project("{FAE04EC0-301F-11D3-BF4B-00C04F79EFBC}") = "ChallengeMeLiServices.Services.Tests", "ChallengeMeLiServices.Services.Tests\ChallengeMeLiServices.Services.Tests.csproj", "{4E274439-071C-4B57-ACF2-312B61463060}"
	ProjectSection(ProjectDependencies) = postProject
		{1CD3A288-279D-431E-AD83-C1C51483760E} = {1CD3A288-279D-431E-AD83-C1C51483760E}
	EndProjectSection
EndProject
Project("{FAE04EC0-301F-11D3-BF4B-00C04F79EFBC}") = "ChallengeMeLiServices.DataAccess", "ChallengeMeLiServices.DataAccess\ChallengeMeLiServices.DataAccess.csproj", "{B5460FE9-07EC-46DB-A772-56A00938DA53}"
EndProject
Project("{FAE04EC0-301F-11D3-BF4B-00C04F79EFBC}") = "ChallengeMeLiServices.DataAccess.Tests", "ChallengeMeLiServices.DataAccess.Tests\ChallengeMeLiServices.DataAccess.Tests.csproj", "{3CC14060-7150-4517-AC7A-5108456EE801}"
	ProjectSection(ProjectDependencies) = postProject
		{B5460FE9-07EC-46DB-A772-56A00938DA53} = {B5460FE9-07EC-46DB-A772-56A00938DA53}
	EndProjectSection
EndProject
Project("{FAE04EC0-301F-11D3-BF4B-00C04F79EFBC}") = "ChallengeMeLiServices.Web.IntegrationTests", "ChallengeMeLiServices.Web.IntegrationTests\ChallengeMeLiServices.Web.IntegrationTests.csproj", "{05F62FDF-6133-403B-AE52-1F2E483FA2F5}"
EndProject
Global
	GlobalSection(SolutionConfigurationPlatforms) = preSolution
		Debug|Any CPU = Debug|Any CPU
		Release|Any CPU = Release|Any CPU
	EndGlobalSection
	GlobalSection(ProjectConfigurationPlatforms) = postSolution
		{1CD3A288-279D-431E-AD83-C1C51483760E}.Debug|Any CPU.ActiveCfg = Debug|Any CPU
		{1CD3A288-279D-431E-AD83-C1C51483760E}.Debug|Any CPU.Build.0 = Debug|Any CPU
		{1CD3A288-279D-431E-AD83-C1C51483760E}.Release|Any CPU.ActiveCfg = Release|Any CPU
		{1CD3A288-279D-431E-AD83-C1C51483760E}.Release|Any CPU.Build.0 = Release|Any CPU
		{9D703942-97A5-40E5-B976-0D2412AE8520}.Debug|Any CPU.ActiveCfg = Debug|Any CPU
		{9D703942-97A5-40E5-B976-0D2412AE8520}.Debug|Any CPU.Build.0 = Debug|Any CPU
		{9D703942-97A5-40E5-B976-0D2412AE8520}.Release|Any CPU.ActiveCfg = Release|Any CPU
		{9D703942-97A5-40E5-B976-0D2412AE8520}.Release|Any CPU.Build.0 = Release|Any CPU
		{3BB09E7D-2423-4F1C-AC7A-4E4DBFD9765E}.Debug|Any CPU.ActiveCfg = Debug|Any CPU
		{3BB09E7D-2423-4F1C-AC7A-4E4DBFD9765E}.Debug|Any CPU.Build.0 = Debug|Any CPU
		{3BB09E7D-2423-4F1C-AC7A-4E4DBFD9765E}.Release|Any CPU.ActiveCfg = Release|Any CPU
		{3BB09E7D-2423-4F1C-AC7A-4E4DBFD9765E}.Release|Any CPU.Build.0 = Release|Any CPU
		{4E274439-071C-4B57-ACF2-312B61463060}.Debug|Any CPU.ActiveCfg = Debug|Any CPU
		{4E274439-071C-4B57-ACF2-312B61463060}.Debug|Any CPU.Build.0 = Debug|Any CPU
		{4E274439-071C-4B57-ACF2-312B61463060}.Release|Any CPU.ActiveCfg = Release|Any CPU
		{4E274439-071C-4B57-ACF2-312B61463060}.Release|Any CPU.Build.0 = Release|Any CPU
		{B5460FE9-07EC-46DB-A772-56A00938DA53}.Debug|Any CPU.ActiveCfg = Debug|Any CPU
		{B5460FE9-07EC-46DB-A772-56A00938DA53}.Debug|Any CPU.Build.0 = Debug|Any CPU
		{B5460FE9-07EC-46DB-A772-56A00938DA53}.Release|Any CPU.ActiveCfg = Release|Any CPU
		{B5460FE9-07EC-46DB-A772-56A00938DA53}.Release|Any CPU.Build.0 = Release|Any CPU
		{3CC14060-7150-4517-AC7A-5108456EE801}.Debug|Any CPU.ActiveCfg = Debug|Any CPU
		{3CC14060-7150-4517-AC7A-5108456EE801}.Debug|Any CPU.Build.0 = Debug|Any CPU
		{3CC14060-7150-4517-AC7A-5108456EE801}.Release|Any CPU.ActiveCfg = Release|Any CPU
		{3CC14060-7150-4517-AC7A-5108456EE801}.Release|Any CPU.Build.0 = Release|Any CPU
		{05F62FDF-6133-403B-AE52-1F2E483FA2F5}.Debug|Any CPU.ActiveCfg = Debug|Any CPU
		{05F62FDF-6133-403B-AE52-1F2E483FA2F5}.Debug|Any CPU.Build.0 = Debug|Any CPU
		{05F62FDF-6133-403B-AE52-1F2E483FA2F5}.Release|Any CPU.ActiveCfg = Release|Any CPU
		{05F62FDF-6133-403B-AE52-1F2E483FA2F5}.Release|Any CPU.Build.0 = Release|Any CPU
	EndGlobalSection
	GlobalSection(SolutionProperties) = preSolution
		HideSolutionNode = FALSE
	EndGlobalSection
	GlobalSection(ExtensibilityGlobals) = postSolution
		SolutionGuid = {9138F8E2-EF26-42C9-9BDE-9A5886903AA6}
	EndGlobalSection
EndGlobal
